{
  "name": "continuation-engine",
  "version": "0.1.0",
  "lockfileVersion": 3,
  "requires": true,
  "packages": {
    "": {
      "name": "continuation-engine",
      "version": "0.1.0",
      "workspaces": [
        "packages/*"
      ],
      "devDependencies": {
        "@types/node": "^24.3.0",
        "typescript": "^5.9.2"
      },
      "engines": {
        "node": ">=20"
      }
    },
    "node_modules/@types/node": {
      "version": "24.10.15",
      "resolved": "https://registry.npmjs.org/@types/node/-/node-24.10.15.tgz",
      "integrity": "sha512-BgjLoRuSr0MTI5wA6gMw9Xy0sFudAaUuvrnjgGx9wZ522fYYLA5SYJ+1Y30vTcJEG+DRCyDHx/gzQVfofYzSdg==",
      "dev": true,
      "license": "MIT",
      "dependencies": {
        "undici-types": "~7.16.0"
      }
    },
    "node_modules/@unwinder/browser-runner": {
      "resolved": "packages/browser-runner",
      "link": true
    },
    "node_modules/@unwinder/compiler": {
      "resolved": "packages/compiler",
      "link": true
    },
    "node_modules/@unwinder/contracts": {
      "resolved": "packages/contracts",
      "link": true
    },
    "node_modules/@unwinder/delorean-adapter": {
      "resolved": "packages/delorean-adapter",
      "link": true
    },
    "node_modules/@unwinder/determinism": {
      "resolved": "packages/determinism",
      "link": true
    },
    "node_modules/@unwinder/node-runner": {
      "resolved": "packages/node-runner",
      "link": true
    },
    "node_modules/@unwinder/runtime": {
      "resolved": "packages/runtime",
      "link": true
    },
    "node_modules/@unwinder/snapshot": {
      "resolved": "packages/snapshot",
      "link": true
    },
    "node_modules/typescript": {
      "version": "5.9.3",
      "resolved": "https://registry.npmjs.org/typescript/-/typescript-5.9.3.tgz",
      "integrity": "sha512-jl1vZzPDinLr9eUt3J/t7V6FgNEw9QjvBPdysz9KfQDD41fQrC2Y4vKQdiaUpFT4bXlb1RHhLpp8wtm6M5TgSw==",
      "dev": true,
      "license": "Apache-2.0",
      "bin": {
        "tsc": "bin/tsc",
        "tsserver": "bin/tsserver"
      },
      "engines": {
        "node": ">=14.17"
      }
    },
    "node_modules/undici-types": {
      "version": "7.16.0",
      "resolved": "https://registry.npmjs.org/undici-types/-/undici-types-7.16.0.tgz",
      "integrity": "sha512-Zz+aZWSj8LE6zoxD+xrjh4VfkIG8Ya6LvYkZqtUQGJPZjYl53ypCaUwWqo7eI0x66KBGeRo+mlBEkMSeSZ38Nw==",
      "dev": true,
      "license": "MIT"
    },
    "packages/browser-runner": {
      "name": "@unwinder/browser-runner",
      "version": "0.1.0",
      "dependencies": {
        "@unwinder/compiler": "0.1.0",
        "@unwinder/runtime": "0.1.0"
      }
    },
    "packages/compiler": {
      "name": "@unwinder/compiler",
      "version": "0.1.0",
      "dependencies": {
        "@unwinder/contracts": "0.1.0"
      }
    },
    "packages/contracts": {
      "name": "@unwinder/contracts",
      "version": "0.1.0"
    },
    "packages/delorean-adapter": {
      "name": "@unwinder/delorean-adapter",
      "version": "0.1.0",
      "dependencies": {
        "@unwinder/compiler": "0.1.0",
        "@unwinder/contracts": "0.1.0",
        "@unwinder/runtime": "0.1.0"
      }
    },
    "packages/determinism": {
      "name": "@unwinder/determinism",
      "version": "0.1.0",
      "dependencies": {
        "@unwinder/contracts": "0.1.0"
      }
    },
    "packages/node-runner": {
      "name": "@unwinder/node-runner",
      "version": "0.1.0",
      "dependencies": {
        "@unwinder/compiler": "0.1.0",
        "@unwinder/runtime": "0.1.0"
      }
    },
    "packages/runtime": {
      "name": "@unwinder/runtime",
      "version": "0.1.0",
      "dependencies": {
        "@unwinder/contracts": "0.1.0",
        "@unwinder/determinism": "0.1.0",
        "@unwinder/snapshot": "0.1.0"
      }
    },
    "packages/snapshot": {
      "name": "@unwinder/snapshot",
      "version": "0.1.0",
      "dependencies": {
        "@unwinder/contracts": "0.1.0"
      }
    }
  }
}
